{
    "requires": true,
    "lockfileVersion": 1,
    "dependencies": {
        "axios": {
            "version": "0.18.0",
            "resolved": "http://r.cnpmjs.org/axios/download/axios-0.18.0.tgz",
            "integrity": "sha1-MtU+SFHv3AoRmTts0AB4nXDAUQI=",
            "dev": true,
            "requires": {
                "follow-redirects": "^1.3.0",
                "is-buffer": "^1.1.5"
            }
        },
        "debug": {
            "version": "3.1.0",
            "resolved": "http://r.cnpmjs.org/debug/download/debug-3.1.0.tgz",
            "integrity": "sha1-W7WgZyYotkFJVmuhaBnmFRjGcmE=",
            "dev": true,
            "requires": {
                "ms": "2.0.0"
            }
        },
        "es6-object-assign": {
            "version": "1.1.0",
            "resolved": "http://r.cnpmjs.org/es6-object-assign/download/es6-object-assign-1.1.0.tgz",
            "integrity": "sha1-wsNYJlYkfDnqEHyx5mUrb58kUjw=",
            "dev": true
        },
        "follow-redirects": {
            "version": "1.5.9",
            "resolved": "http://r.cnpmjs.org/follow-redirects/download/follow-redirects-1.5.9.tgz",
            "integrity": "sha1-ye2ddIuBSjlTVxblMbkZaoRdicY=",
            "dev": true,
            "requires": {
                "debug": "=3.1.0"
            }
        },
        "is-buffer": {
            "version": "1.1.6",
            "resolved": "http://r.cnpmjs.org/is-buffer/download/is-buffer-1.1.6.tgz",
            "integrity": "sha1-76ouqdqg16suoTqXsritUf776L4=",
            "dev": true
        },
        "ms": {
            "version": "2.0.0",
            "resolved": "http://r.cnpmjs.org/ms/download/ms-2.0.0.tgz",
            "integrity": "sha1-VgiurfwAvmwpAd9fmGF4jeDVl8g=",
            "dev": true
        },
        "promise-polyfill": {
            "version": "6.1.0",
            "resolved": "http://r.cnpmjs.org/promise-polyfill/download/promise-polyfill-6.1.0.tgz",
            "integrity": "sha1-36lpQ+qcEh/KTem1hoyznTRy4Fc=",
            "dev": true
        },
        "sweetalert": {
            "version": "2.1.0",
            "resolved": "http://r.cnpmjs.org/sweetalert/download/sweetalert-2.1.0.tgz",
            "integrity": "sha1-1gXeyEAFj6itSh98LIwZS8csJ/o=",
            "dev": true,
            "requires": {
                "es6-object-assign": "^1.1.0",
                "promise-polyfill": "^6.0.2"
            }
        }
    }
}
